
Microsoft Visual Studio Solution File, Format Version 12.00
# Visual Studio 2012
Project("{FAE04EC0-301F-11D3-BF4B-00C04F79EFBC}") = "ConsoleApplication26", "ConsoleApplication26\ConsoleApplication26.csproj", "{5C1D8F9F-BBC0-4376-84BA-1AE96C2AF5BB}"
EndProject
Global
	GlobalSection(SolutionConfigurationPlatforms) = preSolution
		Debug|Any CPU = Debug|Any CPU
		Release|Any CPU = Release|Any CPU
	EndGlobalSection
	GlobalSection(ProjectConfigurationPlatforms) = postSolution
		{5C1D8F9F-BBC0-4376-84BA-1AE96C2AF5BB}.Debug|Any CPU.ActiveCfg = Debug|Any CPU
		{5C1D8F9F-BBC0-4376-84BA-1AE96C2AF5BB}.Debug|Any CPU.Build.0 = Debug|Any CPU
		{5C1D8F9F-BBC0-4376-84BA-1AE96C2AF5BB}.Release|Any CPU.ActiveCfg = Release|Any CPU
		{5C1D8F9F-BBC0-4376-84BA-1AE96C2AF5BB}.Release|Any CPU.Build.0 = Release|Any CPU
	EndGlobalSection
	GlobalSection(SolutionProperties) = preSolution
		HideSolutionNode = FALSE
	EndGlobalSection
EndGlobal
