
Microsoft Visual Studio Solution File, Format Version 12.00
# Visual Studio 2012
Project("{FAE04EC0-301F-11D3-BF4B-00C04F79EFBC}") = "ConsoleApplication25", "ConsoleApplication25\ConsoleApplication25.csproj", "{6632B980-F1AD-4912-985C-B4FBE728B472}"
EndProject
Global
	GlobalSection(SolutionConfigurationPlatforms) = preSolution
		Debug|Any CPU = Debug|Any CPU
		Release|Any CPU = Release|Any CPU
	EndGlobalSection
	GlobalSection(ProjectConfigurationPlatforms) = postSolution
		{6632B980-F1AD-4912-985C-B4FBE728B472}.Debug|Any CPU.ActiveCfg = Debug|Any CPU
		{6632B980-F1AD-4912-985C-B4FBE728B472}.Debug|Any CPU.Build.0 = Debug|Any CPU
		{6632B980-F1AD-4912-985C-B4FBE728B472}.Release|Any CPU.ActiveCfg = Release|Any CPU
		{6632B980-F1AD-4912-985C-B4FBE728B472}.Release|Any CPU.Build.0 = Release|Any CPU
	EndGlobalSection
	GlobalSection(SolutionProperties) = preSolution
		HideSolutionNode = FALSE
	EndGlobalSection
EndGlobal
